{
  "name": "buddyboss-custom-code",
  "version": "1.0.0",
  "lockfileVersion": 3,
  "requires": true,
  "packages": {
    "": {
      "name": "buddyboss-custom-code",
      "version": "1.0.0",
      "license": "MIT",
      "dependencies": {
        "react-hook-form": "^7.59.0",
        "react-native-keep-awake": "^4.0.0",
        "react-native-vimeo-iframe": "^1.2.1",
        "rn-emoji-keyboard": "^1.7.0"
      },
      "peerDependencies": {
        "react": "^18.2.0",
        "react-native": "^0.74.5"
      }
    },
    "node_modules/react-hook-form": {
      "version": "7.59.0",
      "resolved": "https://registry.npmjs.org/react-hook-form/-/react-hook-form-7.59.0.tgz",
      "integrity": "sha512-kmkek2/8grqarTJExFNjy+RXDIP8yM+QTl3QL6m6Q8b2bih4ltmiXxH7T9n+yXNK477xPh5yZT/6vD8sYGzJTA==",
      "engines": {
        "node": ">=18.0.0"
      },
      "funding": {
        "type": "opencollective",
        "url": "https://opencollective.com/react-hook-form"
      },
      "peerDependencies": {
        "react": "^16.8.0 || ^17 || ^18 || ^19"
      }
    },
    "node_modules/react-native-keep-awake": {
      "version": "4.0.0",
      "resolved": "https://registry.npmjs.org/react-native-keep-awake/-/react-native-keep-awake-4.0.0.tgz",
      "integrity": "sha512-0Fotox+eLXQooeibVs3P60yASYUWjtRw9MZNmbuHt5UZQrgUrAKsE4jm7gTr4tPU1m1RkwGzcgUFpcOkh/ec7g=="
    },
    "node_modules/react-native-vimeo-iframe": {
      "version": "1.2.1",
      "resolved": "https://registry.npmjs.org/react-native-vimeo-iframe/-/react-native-vimeo-iframe-1.2.1.tgz",
      "integrity": "sha512-+LBbjSpzn5z6Olx41pOk3n2bq1t8KWJKjHwdVIxUUGdijr+cOvDhS3IKErtwmPdnzLTpB2YdRmMFoUwV2X17Vw==",
      "peerDependencies": {
        "react": "*",
        "react-native": "*",
        "react-native-webview": "*"
      }
    },
    "node_modules/rn-emoji-keyboard": {
      "version": "1.7.0",
      "resolved": "https://registry.npmjs.org/rn-emoji-keyboard/-/rn-emoji-keyboard-1.7.0.tgz",
      "integrity": "sha512-Yo5yJB+joYqSgvZx7WX/DMAC6rHUEJOQFYNjevd+jzhON23SSg/8kq2r9MH/kIdkNGdQWwIVBPowWqZwRQdfOA==",
      "engines": {
        "node": ">= 16.0.0"
      },
      "peerDependencies": {
        "react": "*",
        "react-native": "*"
      }
    }
  }
}
